
Microsoft Visual Studio Solution File, Format Version 12.00
# Visual Studio Version 17
VisualStudioVersion = 17.11.35312.102
MinimumVisualStudioVersion = 10.0.40219.1
Project("{FAE04EC0-301F-11D3-BF4B-00C04F79EFBC}") = "Funny Clean Bot", "Funny Clean Bot\Funny Clean Bot.csproj", "{6E52C020-B423-4806-96B5-64983502C4B9}"
EndProject
Project("{2150E333-8FDC-42A3-9474-1A3956D46DE8}") = "Элементы решения", "Элементы решения", "{CAA6D9C4-472A-421B-83D7-F4210C81C0AC}"
	ProjectSection(SolutionItems) = preProject
		nuget.config = nuget.config
	EndProjectSection
EndProject
Global
	GlobalSection(SolutionConfigurationPlatforms) = preSolution
		Debug|Any CPU = Debug|Any CPU
		Release|Any CPU = Release|Any CPU
	EndGlobalSection
	GlobalSection(ProjectConfigurationPlatforms) = postSolution
		{6E52C020-B423-4806-96B5-64983502C4B9}.Debug|Any CPU.ActiveCfg = Debug|Any CPU
		{6E52C020-B423-4806-96B5-64983502C4B9}.Debug|Any CPU.Build.0 = Debug|Any CPU
		{6E52C020-B423-4806-96B5-64983502C4B9}.Release|Any CPU.ActiveCfg = Release|Any CPU
		{6E52C020-B423-4806-96B5-64983502C4B9}.Release|Any CPU.Build.0 = Release|Any CPU
	EndGlobalSection
	GlobalSection(SolutionProperties) = preSolution
		HideSolutionNode = FALSE
	EndGlobalSection
	GlobalSection(ExtensibilityGlobals) = postSolution
		SolutionGuid = {CB21FA36-C02D-4994-A650-837EB18FF213}
	EndGlobalSection
EndGlobal
